
Microsoft Visual Studio Solution File, Format Version 12.00
# Visual Studio Express 2012 for Web
Project("{2150E333-8FDC-42A3-9474-1A3956D46DE8}") = "0 - Modeling and Design", "0 - Modeling and Design", "{FEA0BC29-4965-4366-954C-60722AC26643}"
EndProject
Project("{2150E333-8FDC-42A3-9474-1A3956D46DE8}") = "1 - Layers", "1 - Layers", "{2FE8F6E8-9BD5-467F-86CE-D05C74B04A45}"
EndProject
Project("{2150E333-8FDC-42A3-9474-1A3956D46DE8}") = "1.1 Presentacion", "1.1 Presentacion", "{FCD3D029-3EAD-4D3C-967B-E48E27DE3C89}"
EndProject
Project("{2150E333-8FDC-42A3-9474-1A3956D46DE8}") = "Web", "Web", "{599CA291-A206-48A5-B77B-6975556BC9C7}"
EndProject
Project("{2150E333-8FDC-42A3-9474-1A3956D46DE8}") = "1.2 Servicios Distribuidos", "1.2 Servicios Distribuidos", "{FC986721-1738-4E3B-8AF9-3912DEA51F14}"
EndProject
Project("{FAE04EC0-301F-11D3-BF4B-00C04F79EFBC}") = "HSoft.Bolsa.Web", "HS_Bolsa_Web\HSoft.Bolsa.Web.csproj", "{6EC4BCC6-F66C-4FB5-9899-B58FE6ED2447}"
EndProject
Project("{FAE04EC0-301F-11D3-BF4B-00C04F79EFBC}") = "HSoft.Bolsa.Server", "HSBolsaServer\HSoft.Bolsa.Server.csproj", "{7D979974-836F-4B24-AD9A-7FEA3C51AF2A}"
EndProject
Project("{FAE04EC0-301F-11D3-BF4B-00C04F79EFBC}") = "HSoft.Bolsa.DS", "HSoft.Bolsa.ServiciosDistribuidos\HSoft.Bolsa.DS.csproj", "{642E9997-1A90-4CBF-96A9-A3CF21BE4265}"
EndProject
Project("{2150E333-8FDC-42A3-9474-1A3956D46DE8}") = "1.3 Dominio", "1.3 Dominio", "{8DA5F0E6-BA4F-492F-81BB-E4A70E1D92D4}"
EndProject
Project("{2150E333-8FDC-42A3-9474-1A3956D46DE8}") = "1.3.1 Core", "1.3.1 Core", "{95481439-E26F-4055-84A1-A60A70D089A7}"
EndProject
Global
	GlobalSection(SolutionConfigurationPlatforms) = preSolution
		Debug|Any CPU = Debug|Any CPU
		Release|Any CPU = Release|Any CPU
	EndGlobalSection
	GlobalSection(ProjectConfigurationPlatforms) = postSolution
		{6EC4BCC6-F66C-4FB5-9899-B58FE6ED2447}.Debug|Any CPU.ActiveCfg = Debug|Any CPU
		{6EC4BCC6-F66C-4FB5-9899-B58FE6ED2447}.Debug|Any CPU.Build.0 = Debug|Any CPU
		{6EC4BCC6-F66C-4FB5-9899-B58FE6ED2447}.Release|Any CPU.ActiveCfg = Release|Any CPU
		{6EC4BCC6-F66C-4FB5-9899-B58FE6ED2447}.Release|Any CPU.Build.0 = Release|Any CPU
		{7D979974-836F-4B24-AD9A-7FEA3C51AF2A}.Debug|Any CPU.ActiveCfg = Debug|Any CPU
		{7D979974-836F-4B24-AD9A-7FEA3C51AF2A}.Debug|Any CPU.Build.0 = Debug|Any CPU
		{7D979974-836F-4B24-AD9A-7FEA3C51AF2A}.Release|Any CPU.ActiveCfg = Release|Any CPU
		{7D979974-836F-4B24-AD9A-7FEA3C51AF2A}.Release|Any CPU.Build.0 = Release|Any CPU
		{642E9997-1A90-4CBF-96A9-A3CF21BE4265}.Debug|Any CPU.ActiveCfg = Debug|Any CPU
		{642E9997-1A90-4CBF-96A9-A3CF21BE4265}.Debug|Any CPU.Build.0 = Debug|Any CPU
		{642E9997-1A90-4CBF-96A9-A3CF21BE4265}.Release|Any CPU.ActiveCfg = Release|Any CPU
		{642E9997-1A90-4CBF-96A9-A3CF21BE4265}.Release|Any CPU.Build.0 = Release|Any CPU
	EndGlobalSection
	GlobalSection(SolutionProperties) = preSolution
		HideSolutionNode = FALSE
	EndGlobalSection
	GlobalSection(NestedProjects) = preSolution
		{FCD3D029-3EAD-4D3C-967B-E48E27DE3C89} = {2FE8F6E8-9BD5-467F-86CE-D05C74B04A45}
		{FC986721-1738-4E3B-8AF9-3912DEA51F14} = {2FE8F6E8-9BD5-467F-86CE-D05C74B04A45}
		{8DA5F0E6-BA4F-492F-81BB-E4A70E1D92D4} = {2FE8F6E8-9BD5-467F-86CE-D05C74B04A45}
		{599CA291-A206-48A5-B77B-6975556BC9C7} = {FCD3D029-3EAD-4D3C-967B-E48E27DE3C89}
		{6EC4BCC6-F66C-4FB5-9899-B58FE6ED2447} = {599CA291-A206-48A5-B77B-6975556BC9C7}
		{642E9997-1A90-4CBF-96A9-A3CF21BE4265} = {FC986721-1738-4E3B-8AF9-3912DEA51F14}
		{95481439-E26F-4055-84A1-A60A70D089A7} = {8DA5F0E6-BA4F-492F-81BB-E4A70E1D92D4}
		{7D979974-836F-4B24-AD9A-7FEA3C51AF2A} = {95481439-E26F-4055-84A1-A60A70D089A7}
	EndGlobalSection
EndGlobal
